
Microsoft Visual Studio Solution File, Format Version 12.00
# Visual Studio Version 16
VisualStudioVersion = 16.0.31729.503
MinimumVisualStudioVersion = 10.0.40219.1
Project("{9A19103F-16F7-4668-BE54-9A1E7A4F7556}") = "WookieBooks.Models", "WookieBooks.Models\WookieBooks.Models.csproj", "{417A2BF4-F323-4049-9A31-6FE09FACF052}"
EndProject
Project("{9A19103F-16F7-4668-BE54-9A1E7A4F7556}") = "WookieBooks.Services", "WookieBooks.Services\WookieBooks.Services.csproj", "{76A195BB-CB8D-4144-AEFF-D08DDAC95C48}"
EndProject
Project("{2150E333-8FDC-42A3-9474-1A3956D46DE8}") = "Core", "Core", "{0FAF4081-C888-4BCC-B9DC-8805929734D9}"
EndProject
Project("{2150E333-8FDC-42A3-9474-1A3956D46DE8}") = "Tests", "Tests", "{E945ED35-CEAC-45AF-96C0-D4D781DC0F8E}"
EndProject
Project("{9A19103F-16F7-4668-BE54-9A1E7A4F7556}") = "WookieBooks.Services.Test", "WookieBooks.Services.Test\WookieBooks.Services.Test.csproj", "{60D2FE8A-1112-4100-B4EB-2BF2FBE7D73E}"
EndProject
Project("{9A19103F-16F7-4668-BE54-9A1E7A4F7556}") = "WookieBooks.Api", "WookieBooks.Api\WookieBooks.Api.csproj", "{9416D31F-DCF4-4290-A869-0F51798E6930}"
EndProject
Project("{FAE04EC0-301F-11D3-BF4B-00C04F79EFBC}") = "WookieBooks.Repositories", "WookieBooks.Repositories\WookieBooks.Repositories.csproj", "{4E4EC632-E6E7-42E9-92CB-67223F757F53}"
EndProject
Project("{FAE04EC0-301F-11D3-BF4B-00C04F79EFBC}") = "WookieBooks.Data", "WookieBooks.Data\WookieBooks.Data.csproj", "{E323D664-46EC-416B-83D7-E62DA5D5DFA0}"
EndProject
Global
	GlobalSection(SolutionConfigurationPlatforms) = preSolution
		Debug|Any CPU = Debug|Any CPU
		Release|Any CPU = Release|Any CPU
	EndGlobalSection
	GlobalSection(ProjectConfigurationPlatforms) = postSolution
		{417A2BF4-F323-4049-9A31-6FE09FACF052}.Debug|Any CPU.ActiveCfg = Debug|Any CPU
		{417A2BF4-F323-4049-9A31-6FE09FACF052}.Debug|Any CPU.Build.0 = Debug|Any CPU
		{417A2BF4-F323-4049-9A31-6FE09FACF052}.Release|Any CPU.ActiveCfg = Release|Any CPU
		{417A2BF4-F323-4049-9A31-6FE09FACF052}.Release|Any CPU.Build.0 = Release|Any CPU
		{76A195BB-CB8D-4144-AEFF-D08DDAC95C48}.Debug|Any CPU.ActiveCfg = Debug|Any CPU
		{76A195BB-CB8D-4144-AEFF-D08DDAC95C48}.Debug|Any CPU.Build.0 = Debug|Any CPU
		{76A195BB-CB8D-4144-AEFF-D08DDAC95C48}.Release|Any CPU.ActiveCfg = Release|Any CPU
		{76A195BB-CB8D-4144-AEFF-D08DDAC95C48}.Release|Any CPU.Build.0 = Release|Any CPU
		{60D2FE8A-1112-4100-B4EB-2BF2FBE7D73E}.Debug|Any CPU.ActiveCfg = Debug|Any CPU
		{60D2FE8A-1112-4100-B4EB-2BF2FBE7D73E}.Debug|Any CPU.Build.0 = Debug|Any CPU
		{60D2FE8A-1112-4100-B4EB-2BF2FBE7D73E}.Release|Any CPU.ActiveCfg = Release|Any CPU
		{60D2FE8A-1112-4100-B4EB-2BF2FBE7D73E}.Release|Any CPU.Build.0 = Release|Any CPU
		{9416D31F-DCF4-4290-A869-0F51798E6930}.Debug|Any CPU.ActiveCfg = Debug|Any CPU
		{9416D31F-DCF4-4290-A869-0F51798E6930}.Debug|Any CPU.Build.0 = Debug|Any CPU
		{9416D31F-DCF4-4290-A869-0F51798E6930}.Release|Any CPU.ActiveCfg = Release|Any CPU
		{9416D31F-DCF4-4290-A869-0F51798E6930}.Release|Any CPU.Build.0 = Release|Any CPU
		{4E4EC632-E6E7-42E9-92CB-67223F757F53}.Debug|Any CPU.ActiveCfg = Debug|Any CPU
		{4E4EC632-E6E7-42E9-92CB-67223F757F53}.Debug|Any CPU.Build.0 = Debug|Any CPU
		{4E4EC632-E6E7-42E9-92CB-67223F757F53}.Release|Any CPU.ActiveCfg = Release|Any CPU
		{4E4EC632-E6E7-42E9-92CB-67223F757F53}.Release|Any CPU.Build.0 = Release|Any CPU
		{E323D664-46EC-416B-83D7-E62DA5D5DFA0}.Debug|Any CPU.ActiveCfg = Debug|Any CPU
		{E323D664-46EC-416B-83D7-E62DA5D5DFA0}.Debug|Any CPU.Build.0 = Debug|Any CPU
		{E323D664-46EC-416B-83D7-E62DA5D5DFA0}.Release|Any CPU.ActiveCfg = Release|Any CPU
		{E323D664-46EC-416B-83D7-E62DA5D5DFA0}.Release|Any CPU.Build.0 = Release|Any CPU
	EndGlobalSection
	GlobalSection(SolutionProperties) = preSolution
		HideSolutionNode = FALSE
	EndGlobalSection
	GlobalSection(NestedProjects) = preSolution
		{417A2BF4-F323-4049-9A31-6FE09FACF052} = {0FAF4081-C888-4BCC-B9DC-8805929734D9}
		{76A195BB-CB8D-4144-AEFF-D08DDAC95C48} = {0FAF4081-C888-4BCC-B9DC-8805929734D9}
		{60D2FE8A-1112-4100-B4EB-2BF2FBE7D73E} = {E945ED35-CEAC-45AF-96C0-D4D781DC0F8E}
		{9416D31F-DCF4-4290-A869-0F51798E6930} = {0FAF4081-C888-4BCC-B9DC-8805929734D9}
		{4E4EC632-E6E7-42E9-92CB-67223F757F53} = {0FAF4081-C888-4BCC-B9DC-8805929734D9}
		{E323D664-46EC-416B-83D7-E62DA5D5DFA0} = {0FAF4081-C888-4BCC-B9DC-8805929734D9}
	EndGlobalSection
	GlobalSection(ExtensibilityGlobals) = postSolution
		SolutionGuid = {F094E1B8-9E98-43F6-A62A-7F003F2382DF}
	EndGlobalSection
EndGlobal
